{
  "version": 4,
  "terraform_version": "1.6.0",
  "serial": 26,
  "lineage": "159e32f0-d7e7-f088-ddc4-0643ad26cb76",
  "outputs": {},
  "resources": [
    {
      "mode": "managed",
      "type": "google_cloudfunctions_function",
      "name": "cloud_func",
      "provider": "provider[\"registry.terraform.io/hashicorp/google\"]",
      "instances": [
        {
          "schema_version": 0,
          "attributes": {
            "available_memory_mb": 128,
            "build_environment_variables": null,
            "build_worker_pool": "",
            "description": "this is first terraform func",
            "docker_registry": "CONTAINER_REGISTRY",
            "docker_repository": "",
            "effective_labels": {},
            "entry_point": "helloWorldtf",
            "environment_variables": {},
            "event_trigger": [],
            "https_trigger_security_level": "SECURE_OPTIONAL",
            "https_trigger_url": "https://us-central1-terrform-practice-gcp.cloudfunctions.net/cloud_func",
            "id": "projects/terrform-practice-gcp/locations/us-central1/functions/cloud_func",
            "ingress_settings": "ALLOW_ALL",
            "kms_key_name": "",
            "labels": {},
            "max_instances": 0,
            "min_instances": 0,
            "name": "cloud_func",
            "project": "terrform-practice-gcp",
            "region": "us-central1",
            "runtime": "nodejs20",
            "secret_environment_variables": [],
            "secret_volumes": [],
            "service_account_email": "terrform-practice-gcp@appspot.gserviceaccount.com",
            "source_archive_bucket": "cloud_func_bucket1",
            "source_archive_object": "index.zip",
            "source_repository": [],
            "status": "ACTIVE",
            "terraform_labels": {},
            "timeout": 60,
            "timeouts": null,
            "trigger_http": true,
            "vpc_connector": "",
            "vpc_connector_egress_settings": ""
          },
          "sensitive_attributes": [],
          "private": "eyJlMmJmYjczMC1lY2FhLTExZTYtOGY4OC0zNDM2M2JjN2M0YzAiOnsiY3JlYXRlIjozMDAwMDAwMDAwMDAsImRlbGV0ZSI6MzAwMDAwMDAwMDAwLCJyZWFkIjozMDAwMDAwMDAwMDAsInVwZGF0ZSI6MzAwMDAwMDAwMDAwfX0=",
          "dependencies": [
            "google_storage_bucket.cloud_func_bucket1",
            "google_storage_bucket_object.srccode"
          ]
        }
      ]
    },
    {
      "mode": "managed",
      "type": "google_cloudfunctions_function_iam_member",
      "name": "allowaccess",
      "provider": "provider[\"registry.terraform.io/hashicorp/google\"]",
      "instances": [
        {
          "schema_version": 0,
          "attributes": {
            "cloud_function": "projects/terrform-practice-gcp/locations/us-central1/functions/cloud_func",
            "condition": [],
            "etag": "BwYHVh+6IDQ=",
            "id": "projects/terrform-practice-gcp/locations/us-central1/functions/cloud_func/roles/cloudfunctions.invoker/allUsers",
            "member": "allUsers",
            "project": "terrform-practice-gcp",
            "region": "us-central1",
            "role": "roles/cloudfunctions.invoker"
          },
          "sensitive_attributes": [],
          "private": "bnVsbA==",
          "dependencies": [
            "google_cloudfunctions_function.cloud_func",
            "google_storage_bucket.cloud_func_bucket1",
            "google_storage_bucket_object.srccode"
          ]
        }
      ]
    },
    {
      "mode": "managed",
      "type": "google_storage_bucket",
      "name": "cloud_func_bucket1",
      "provider": "provider[\"registry.terraform.io/hashicorp/google\"]",
      "instances": [
        {
          "schema_version": 1,
          "attributes": {
            "autoclass": [],
            "cors": [],
            "custom_placement_config": [],
            "default_event_based_hold": false,
            "effective_labels": {},
            "encryption": [],
            "force_destroy": false,
            "id": "cloud_func_bucket1",
            "labels": {},
            "lifecycle_rule": [],
            "location": "US-CENTRAL1",
            "logging": [],
            "name": "cloud_func_bucket1",
            "project": "terrform-practice-gcp",
            "public_access_prevention": "inherited",
            "requester_pays": false,
            "retention_policy": [],
            "self_link": "https://www.googleapis.com/storage/v1/b/cloud_func_bucket1",
            "storage_class": "STANDARD",
            "terraform_labels": {},
            "timeouts": null,
            "uniform_bucket_level_access": false,
            "url": "gs://cloud_func_bucket1",
            "versioning": [],
            "website": []
          },
          "sensitive_attributes": [],
          "private": "eyJlMmJmYjczMC1lY2FhLTExZTYtOGY4OC0zNDM2M2JjN2M0YzAiOnsiY3JlYXRlIjo2MDAwMDAwMDAwMDAsInJlYWQiOjI0MDAwMDAwMDAwMCwidXBkYXRlIjoyNDAwMDAwMDAwMDB9LCJzY2hlbWFfdmVyc2lvbiI6IjEifQ=="
        }
      ]
    },
    {
      "mode": "managed",
      "type": "google_storage_bucket_object",
      "name": "srccode",
      "provider": "provider[\"registry.terraform.io/hashicorp/google\"]",
      "instances": [
        {
          "schema_version": 0,
          "attributes": {
            "bucket": "cloud_func_bucket1",
            "cache_control": "",
            "content": null,
            "content_disposition": "",
            "content_encoding": "",
            "content_language": "",
            "content_type": "application/zip",
            "crc32c": "s2etsw==",
            "customer_encryption": [],
            "detect_md5hash": "heFEA/rrUTCU/tMcj+HyHA==",
            "event_based_hold": false,
            "id": "cloud_func_bucket1-index.zip",
            "kms_key_name": "",
            "md5hash": "heFEA/rrUTCU/tMcj+HyHA==",
            "media_link": "https://storage.googleapis.com/download/storage/v1/b/cloud_func_bucket1/o/index.zip?generation=1696915159934263\u0026alt=media",
            "metadata": {},
            "name": "index.zip",
            "output_name": "index.zip",
            "self_link": "https://www.googleapis.com/storage/v1/b/cloud_func_bucket1/o/index.zip",
            "source": "index.zip",
            "storage_class": "STANDARD",
            "temporary_hold": false,
            "timeouts": null
          },
          "sensitive_attributes": [],
          "private": "eyJlMmJmYjczMC1lY2FhLTExZTYtOGY4OC0zNDM2M2JjN2M0YzAiOnsiY3JlYXRlIjoyNDAwMDAwMDAwMDAsImRlbGV0ZSI6MjQwMDAwMDAwMDAwLCJ1cGRhdGUiOjI0MDAwMDAwMDAwMH19",
          "dependencies": [
            "google_storage_bucket.cloud_func_bucket1"
          ]
        }
      ]
    }
  ],
  "check_results": null
}
